
Microsoft Visual Studio Solution File, Format Version 12.00
# Visual Studio Version 17
VisualStudioVersion = 17.8.34511.84
MinimumVisualStudioVersion = 10.0.40219.1
Project("{FAE04EC0-301F-11D3-BF4B-00C04F79EFBC}") = "LOrd Card Shop", "LOrd Card Shop.csproj", "{D736A4EA-21DA-444C-8C22-148DC1C16107}"
EndProject
Global
	GlobalSection(SolutionConfigurationPlatforms) = preSolution
		Debug|Any CPU = Debug|Any CPU
		Release|Any CPU = Release|Any CPU
	EndGlobalSection
	GlobalSection(ProjectConfigurationPlatforms) = postSolution
		{D736A4EA-21DA-444C-8C22-148DC1C16107}.Debug|Any CPU.ActiveCfg = Debug|Any CPU
		{D736A4EA-21DA-444C-8C22-148DC1C16107}.Debug|Any CPU.Build.0 = Debug|Any CPU
		{D736A4EA-21DA-444C-8C22-148DC1C16107}.Release|Any CPU.ActiveCfg = Release|Any CPU
		{D736A4EA-21DA-444C-8C22-148DC1C16107}.Release|Any CPU.Build.0 = Release|Any CPU
	EndGlobalSection
	GlobalSection(SolutionProperties) = preSolution
		HideSolutionNode = FALSE
	EndGlobalSection
	GlobalSection(ExtensibilityGlobals) = postSolution
		SolutionGuid = {031D4510-144D-44E9-8AB2-F1B71D5481BC}
	EndGlobalSection
EndGlobal
